{
  "name": "splash",
  "version": "1.0.0",
  "lockfileVersion": 1,
  "requires": true,
  "dependencies": {
    "@jaames/iro": {
      "version": "3.5.3",
      "resolved": "https://registry.npmjs.org/@jaames/iro/-/iro-3.5.3.tgz",
      "integrity": "sha512-cQqgNbvErgiaQIGVKwv6o3H0T8j0bXg+YXFO5YTiZhOEGTbvhLYRvnrGQLSHWh45jT6OP3K8iE0p9oXoH4NjGA=="
    }
  }
}
